
Microsoft Visual Studio Solution File, Format Version 12.00
# Visual Studio Version 18
VisualStudioVersion = 18.5.11709.299 stable
MinimumVisualStudioVersion = 10.0.40219.1
Project("{FAE04EC0-301F-11D3-BF4B-00C04F79EFBC}") = "VinhKhanhAdmin", "VinhKhanhAdmin.csproj", "{FC0372D8-F695-11ED-C1CF-96D4809483EA}"
EndProject
Global
	GlobalSection(SolutionConfigurationPlatforms) = preSolution
		Debug|Any CPU = Debug|Any CPU
		Release|Any CPU = Release|Any CPU
	EndGlobalSection
	GlobalSection(ProjectConfigurationPlatforms) = postSolution
		{FC0372D8-F695-11ED-C1CF-96D4809483EA}.Debug|Any CPU.ActiveCfg = Debug|Any CPU
		{FC0372D8-F695-11ED-C1CF-96D4809483EA}.Debug|Any CPU.Build.0 = Debug|Any CPU
		{FC0372D8-F695-11ED-C1CF-96D4809483EA}.Release|Any CPU.ActiveCfg = Release|Any CPU
		{FC0372D8-F695-11ED-C1CF-96D4809483EA}.Release|Any CPU.Build.0 = Release|Any CPU
	EndGlobalSection
	GlobalSection(SolutionProperties) = preSolution
		HideSolutionNode = FALSE
	EndGlobalSection
	GlobalSection(ExtensibilityGlobals) = postSolution
		SolutionGuid = {A652C6E1-9512-4BF4-B968-52556427E2D8}
	EndGlobalSection
EndGlobal
